
Microsoft Visual Studio Solution File, Format Version 12.00
# Visual Studio 2013
VisualStudioVersion = 12.0.30501.0
MinimumVisualStudioVersion = 10.0.40219.1
Project("{FAE04EC0-301F-11D3-BF4B-00C04F79EFBC}") = "KanProject", "KanProject\KanProject.csproj", "{DA354165-9ECC-4DAB-9262-2823CCE8E436}"
EndProject
Project("{FAE04EC0-301F-11D3-BF4B-00C04F79EFBC}") = "DAL", "DAL\DAL.csproj", "{173D5673-5FB2-4F16-A25D-1D76214BD855}"
EndProject
Global
	GlobalSection(SolutionConfigurationPlatforms) = preSolution
		Debug|Any CPU = Debug|Any CPU
		Release|Any CPU = Release|Any CPU
	EndGlobalSection
	GlobalSection(ProjectConfigurationPlatforms) = postSolution
		{DA354165-9ECC-4DAB-9262-2823CCE8E436}.Debug|Any CPU.ActiveCfg = Debug|Any CPU
		{DA354165-9ECC-4DAB-9262-2823CCE8E436}.Debug|Any CPU.Build.0 = Debug|Any CPU
		{DA354165-9ECC-4DAB-9262-2823CCE8E436}.Release|Any CPU.ActiveCfg = Release|Any CPU
		{DA354165-9ECC-4DAB-9262-2823CCE8E436}.Release|Any CPU.Build.0 = Release|Any CPU
		{173D5673-5FB2-4F16-A25D-1D76214BD855}.Debug|Any CPU.ActiveCfg = Debug|Any CPU
		{173D5673-5FB2-4F16-A25D-1D76214BD855}.Debug|Any CPU.Build.0 = Debug|Any CPU
		{173D5673-5FB2-4F16-A25D-1D76214BD855}.Release|Any CPU.ActiveCfg = Release|Any CPU
		{173D5673-5FB2-4F16-A25D-1D76214BD855}.Release|Any CPU.Build.0 = Release|Any CPU
	EndGlobalSection
	GlobalSection(SolutionProperties) = preSolution
		HideSolutionNode = FALSE
	EndGlobalSection
EndGlobal
